
Microsoft Visual Studio Solution File, Format Version 12.00
# Visual Studio Version 16
VisualStudioVersion = 16.0.30002.166
MinimumVisualStudioVersion = 10.0.40219.1
Project("{FAE04EC0-301F-11D3-BF4B-00C04F79EFBC}") = "SIM.Core", "SIM.Core\SIM.Core.csproj", "{B2D5F104-0D7B-4E15-B819-843FDE082FDD}"
EndProject
Global
	GlobalSection(SolutionConfigurationPlatforms) = preSolution
		Debug|Any CPU = Debug|Any CPU
		Release|Any CPU = Release|Any CPU
	EndGlobalSection
	GlobalSection(ProjectConfigurationPlatforms) = postSolution
		{B2D5F104-0D7B-4E15-B819-843FDE082FDD}.Debug|Any CPU.ActiveCfg = Debug|Any CPU
		{B2D5F104-0D7B-4E15-B819-843FDE082FDD}.Debug|Any CPU.Build.0 = Debug|Any CPU
		{B2D5F104-0D7B-4E15-B819-843FDE082FDD}.Release|Any CPU.ActiveCfg = Release|Any CPU
		{B2D5F104-0D7B-4E15-B819-843FDE082FDD}.Release|Any CPU.Build.0 = Release|Any CPU
	EndGlobalSection
	GlobalSection(SolutionProperties) = preSolution
		HideSolutionNode = FALSE
	EndGlobalSection
	GlobalSection(ExtensibilityGlobals) = postSolution
		SolutionGuid = {ACB14877-990C-4C58-893D-7491DFB37D76}
	EndGlobalSection
EndGlobal
