
Microsoft Visual Studio Solution File, Format Version 12.00
# Visual Studio Version 16
VisualStudioVersion = 16.0.30002.166
MinimumVisualStudioVersion = 10.0.40219.1
Project("{FAE04EC0-301F-11D3-BF4B-00C04F79EFBC}") = "SIM.Core", "SIM.Core\SIM.Core.csproj", "{B2D5F104-0D7B-4E15-B819-843FDE082FDD}"
EndProject
Project("{FAE04EC0-301F-11D3-BF4B-00C04F79EFBC}") = "SIM.Core.Tests", "SIM.Core.Tests\SIM.Core.Tests.csproj", "{82FFC5DD-874A-4774-81BA-B04698A93A76}"
EndProject
Project("{FAE04EC0-301F-11D3-BF4B-00C04F79EFBC}") = "SIM.CodeEngine", "SIM.CodeEngine\SIM.CodeEngine.csproj", "{8F0B11E8-EEC5-4976-BD70-E1F22D126AE8}"
EndProject
Project("{FAE04EC0-301F-11D3-BF4B-00C04F79EFBC}") = "SIM.CodeEngine.Tests", "SIM.CodeEngine.Tests\SIM.CodeEngine.Tests.csproj", "{B55069B8-6212-4E2B-8FD0-F7F979CE76CD}"
EndProject
Project("{2150E333-8FDC-42A3-9474-1A3956D46DE8}") = "Tests", "Tests", "{4913A840-C063-4DCA-87D3-8341A6DCE445}"
EndProject
Project("{2150E333-8FDC-42A3-9474-1A3956D46DE8}") = "Shell", "Shell", "{82D3F56C-5B61-4B1E-AFDD-F09134FD096D}"
EndProject
Project("{FAE04EC0-301F-11D3-BF4B-00C04F79EFBC}") = "SIM.Shell.Admin", "SIM.Shell.Admin\SIM.Shell.Admin.csproj", "{4204A497-D22B-466A-B329-2A72F23375DE}"
EndProject
Project("{FAE04EC0-301F-11D3-BF4B-00C04F79EFBC}") = "SIM.Shell", "SIM.Shell\SIM.Shell.csproj", "{BCA97519-EF3D-428C-8141-4B30F2FD1BCF}"
EndProject
Project("{FAE04EC0-301F-11D3-BF4B-00C04F79EFBC}") = "SIM.Shell.Core", "SIM.Shell.Core\SIM.Shell.Core.csproj", "{7681428C-A2B0-494E-863A-07A6AC9EC6A5}"
EndProject
Project("{2150E333-8FDC-42A3-9474-1A3956D46DE8}") = "Libraries", "Libraries", "{2BF99EAF-49F5-4721-A3BC-4546C6351D82}"
EndProject
Project("{2150E333-8FDC-42A3-9474-1A3956D46DE8}") = "UI", "UI", "{A1E35344-B029-4797-A854-D74B2F8A94C3}"
EndProject
Project("{FAE04EC0-301F-11D3-BF4B-00C04F79EFBC}") = "SIM.Wpf.Admin", "SIM.Wpf.Admin\SIM.Wpf.Admin.csproj", "{156A2A30-8526-424E-936A-E59CEBF931DF}"
EndProject
Project("{FAE04EC0-301F-11D3-BF4B-00C04F79EFBC}") = "SIM.WinForm.Admin", "SIM.WinForm.Admin\SIM.WinForm.Admin.csproj", "{C7D63B9F-4C56-4F30-993A-607F0E45CD7F}"
EndProject
Project("{FAE04EC0-301F-11D3-BF4B-00C04F79EFBC}") = "SIM.Neo4j", "SIM.Neo4j\SIM.Neo4j.csproj", "{F854EEB4-7133-4A10-BDB0-26D92C1A243E}"
EndProject
Global
	GlobalSection(SolutionConfigurationPlatforms) = preSolution
		Debug|Any CPU = Debug|Any CPU
		Release|Any CPU = Release|Any CPU
	EndGlobalSection
	GlobalSection(ProjectConfigurationPlatforms) = postSolution
		{B2D5F104-0D7B-4E15-B819-843FDE082FDD}.Debug|Any CPU.ActiveCfg = Debug|Any CPU
		{B2D5F104-0D7B-4E15-B819-843FDE082FDD}.Debug|Any CPU.Build.0 = Debug|Any CPU
		{B2D5F104-0D7B-4E15-B819-843FDE082FDD}.Release|Any CPU.ActiveCfg = Release|Any CPU
		{B2D5F104-0D7B-4E15-B819-843FDE082FDD}.Release|Any CPU.Build.0 = Release|Any CPU
		{82FFC5DD-874A-4774-81BA-B04698A93A76}.Debug|Any CPU.ActiveCfg = Debug|Any CPU
		{82FFC5DD-874A-4774-81BA-B04698A93A76}.Debug|Any CPU.Build.0 = Debug|Any CPU
		{82FFC5DD-874A-4774-81BA-B04698A93A76}.Release|Any CPU.ActiveCfg = Release|Any CPU
		{82FFC5DD-874A-4774-81BA-B04698A93A76}.Release|Any CPU.Build.0 = Release|Any CPU
		{8F0B11E8-EEC5-4976-BD70-E1F22D126AE8}.Debug|Any CPU.ActiveCfg = Debug|Any CPU
		{8F0B11E8-EEC5-4976-BD70-E1F22D126AE8}.Debug|Any CPU.Build.0 = Debug|Any CPU
		{8F0B11E8-EEC5-4976-BD70-E1F22D126AE8}.Release|Any CPU.ActiveCfg = Release|Any CPU
		{8F0B11E8-EEC5-4976-BD70-E1F22D126AE8}.Release|Any CPU.Build.0 = Release|Any CPU
		{B55069B8-6212-4E2B-8FD0-F7F979CE76CD}.Debug|Any CPU.ActiveCfg = Debug|Any CPU
		{B55069B8-6212-4E2B-8FD0-F7F979CE76CD}.Debug|Any CPU.Build.0 = Debug|Any CPU
		{B55069B8-6212-4E2B-8FD0-F7F979CE76CD}.Release|Any CPU.ActiveCfg = Release|Any CPU
		{B55069B8-6212-4E2B-8FD0-F7F979CE76CD}.Release|Any CPU.Build.0 = Release|Any CPU
		{4204A497-D22B-466A-B329-2A72F23375DE}.Debug|Any CPU.ActiveCfg = Debug|Any CPU
		{4204A497-D22B-466A-B329-2A72F23375DE}.Debug|Any CPU.Build.0 = Debug|Any CPU
		{4204A497-D22B-466A-B329-2A72F23375DE}.Release|Any CPU.ActiveCfg = Release|Any CPU
		{4204A497-D22B-466A-B329-2A72F23375DE}.Release|Any CPU.Build.0 = Release|Any CPU
		{BCA97519-EF3D-428C-8141-4B30F2FD1BCF}.Debug|Any CPU.ActiveCfg = Debug|Any CPU
		{BCA97519-EF3D-428C-8141-4B30F2FD1BCF}.Debug|Any CPU.Build.0 = Debug|Any CPU
		{BCA97519-EF3D-428C-8141-4B30F2FD1BCF}.Release|Any CPU.ActiveCfg = Release|Any CPU
		{BCA97519-EF3D-428C-8141-4B30F2FD1BCF}.Release|Any CPU.Build.0 = Release|Any CPU
		{7681428C-A2B0-494E-863A-07A6AC9EC6A5}.Debug|Any CPU.ActiveCfg = Debug|Any CPU
		{7681428C-A2B0-494E-863A-07A6AC9EC6A5}.Debug|Any CPU.Build.0 = Debug|Any CPU
		{7681428C-A2B0-494E-863A-07A6AC9EC6A5}.Release|Any CPU.ActiveCfg = Release|Any CPU
		{7681428C-A2B0-494E-863A-07A6AC9EC6A5}.Release|Any CPU.Build.0 = Release|Any CPU
		{156A2A30-8526-424E-936A-E59CEBF931DF}.Debug|Any CPU.ActiveCfg = Debug|Any CPU
		{156A2A30-8526-424E-936A-E59CEBF931DF}.Debug|Any CPU.Build.0 = Debug|Any CPU
		{156A2A30-8526-424E-936A-E59CEBF931DF}.Release|Any CPU.ActiveCfg = Release|Any CPU
		{156A2A30-8526-424E-936A-E59CEBF931DF}.Release|Any CPU.Build.0 = Release|Any CPU
		{C7D63B9F-4C56-4F30-993A-607F0E45CD7F}.Debug|Any CPU.ActiveCfg = Debug|Any CPU
		{C7D63B9F-4C56-4F30-993A-607F0E45CD7F}.Debug|Any CPU.Build.0 = Debug|Any CPU
		{C7D63B9F-4C56-4F30-993A-607F0E45CD7F}.Release|Any CPU.ActiveCfg = Release|Any CPU
		{C7D63B9F-4C56-4F30-993A-607F0E45CD7F}.Release|Any CPU.Build.0 = Release|Any CPU
		{F854EEB4-7133-4A10-BDB0-26D92C1A243E}.Debug|Any CPU.ActiveCfg = Debug|Any CPU
		{F854EEB4-7133-4A10-BDB0-26D92C1A243E}.Debug|Any CPU.Build.0 = Debug|Any CPU
		{F854EEB4-7133-4A10-BDB0-26D92C1A243E}.Release|Any CPU.ActiveCfg = Release|Any CPU
		{F854EEB4-7133-4A10-BDB0-26D92C1A243E}.Release|Any CPU.Build.0 = Release|Any CPU
	EndGlobalSection
	GlobalSection(SolutionProperties) = preSolution
		HideSolutionNode = FALSE
	EndGlobalSection
	GlobalSection(NestedProjects) = preSolution
		{B2D5F104-0D7B-4E15-B819-843FDE082FDD} = {2BF99EAF-49F5-4721-A3BC-4546C6351D82}
		{82FFC5DD-874A-4774-81BA-B04698A93A76} = {4913A840-C063-4DCA-87D3-8341A6DCE445}
		{8F0B11E8-EEC5-4976-BD70-E1F22D126AE8} = {2BF99EAF-49F5-4721-A3BC-4546C6351D82}
		{B55069B8-6212-4E2B-8FD0-F7F979CE76CD} = {4913A840-C063-4DCA-87D3-8341A6DCE445}
		{4204A497-D22B-466A-B329-2A72F23375DE} = {82D3F56C-5B61-4B1E-AFDD-F09134FD096D}
		{BCA97519-EF3D-428C-8141-4B30F2FD1BCF} = {82D3F56C-5B61-4B1E-AFDD-F09134FD096D}
		{7681428C-A2B0-494E-863A-07A6AC9EC6A5} = {82D3F56C-5B61-4B1E-AFDD-F09134FD096D}
		{156A2A30-8526-424E-936A-E59CEBF931DF} = {A1E35344-B029-4797-A854-D74B2F8A94C3}
		{C7D63B9F-4C56-4F30-993A-607F0E45CD7F} = {A1E35344-B029-4797-A854-D74B2F8A94C3}
		{F854EEB4-7133-4A10-BDB0-26D92C1A243E} = {2BF99EAF-49F5-4721-A3BC-4546C6351D82}
	EndGlobalSection
	GlobalSection(ExtensibilityGlobals) = postSolution
		SolutionGuid = {ACB14877-990C-4C58-893D-7491DFB37D76}
	EndGlobalSection
EndGlobal
